lockfileVersion: '9.0'

settings:
  autoInstallPeers: true
  excludeLinksFromLockfile: false

importers:

  .:
    dependencies:
      '@continuedev/cli':
        specifier: ^1.4.47
        version: 1.4.47

  tests:
    devDependencies:
      '@playwright/test':
        specifier: ^1.39.0
        version: 1.55.0
      playwright:
        specifier: ^1.39.0
        version: 1.55.0

packages:

  '@continuedev/cli@1.4.47':
    resolution: {integrity: sha512-djjSRB1aCmdw5vtg89KXlegcuqOxO2JnelOY2BGnXPGILqB1PGhDDx7HDgjoJgliN3+dzUIYLfJxmHs0VXMe9A==}
    hasBin: true

  '@img/sharp-darwin-arm64@0.33.5':
    resolution: {integrity: sha512-UT4p+iz/2H4twwAoLCqfA9UH5pI6DggwKEGuaPy7nCVQ8ZsiY5PIcrRvD1DzuY3qYL07NtIQcWnBSY/heikIFQ==}
    engines: {node: ^18.17.0 || ^20.3.0 || >=21.0.0}
    cpu: [arm64]
    os: [darwin]

  '@img/sharp-darwin-x64@0.33.5':
    resolution: {integrity: sha512-fyHac4jIc1ANYGRDxtiqelIbdWkIuQaI84Mv45KvGRRxSAa7o7d1ZKAOBaYbnepLC1WqxfpimdeWfvqqSGwR2Q==}
    engines: {node: ^18.17.0 || ^20.3.0 || >=21.0.0}
    cpu: [x64]
    os: [darwin]

  '@img/sharp-libvips-darwin-arm64@1.0.4':
    resolution: {integrity: sha512-XblONe153h0O2zuFfTAbQYAX2JhYmDHeWikp1LM9Hul9gVPjFY427k6dFEcOL72O01QxQsWi761svJ/ev9xEDg==}
    cpu: [arm64]
    os: [darwin]

  '@img/sharp-libvips-darwin-x64@1.0.4':
    resolution: {integrity: sha512-xnGR8YuZYfJGmWPvmlunFaWJsb9T/AO2ykoP3Fz/0X5XV2aoYBPkX6xqCQvUTKKiLddarLaxpzNe+b1hjeWHAQ==}
    cpu: [x64]
    os: [darwin]

  '@img/sharp-libvips-linux-arm64@1.0.4':
    resolution: {integrity: sha512-9B+taZ8DlyyqzZQnoeIvDVR/2F4EbMepXMc/NdVbkzsJbzkUjhXv/70GQJ7tdLA4YJgNP25zukcxpX2/SueNrA==}
    cpu: [arm64]
    os: [linux]

  '@img/sharp-libvips-linux-arm@1.0.5':
    resolution: {integrity: sha512-gvcC4ACAOPRNATg/ov8/MnbxFDJqf/pDePbBnuBDcjsI8PssmjoKMAz4LtLaVi+OnSb5FK/yIOamqDwGmXW32g==}
    cpu: [arm]
    os: [linux]

  '@img/sharp-libvips-linux-x64@1.0.4':
    resolution: {integrity: sha512-MmWmQ3iPFZr0Iev+BAgVMb3ZyC4KeFc3jFxnNbEPas60e1cIfevbtuyf9nDGIzOaW9PdnDciJm+wFFaTlj5xYw==}
    cpu: [x64]
    os: [linux]

  '@img/sharp-linux-arm64@0.33.5':
    resolution: {integrity: sha512-JMVv+AMRyGOHtO1RFBiJy/MBsgz0x4AWrT6QoEVVTyh1E39TrCUpTRI7mx9VksGX4awWASxqCYLCV4wBZHAYxA==}
    engines: {node: ^18.17.0 || ^20.3.0 || >=21.0.0}
    cpu: [arm64]
    os: [linux]

  '@img/sharp-linux-arm@0.33.5':
    resolution: {integrity: sha512-JTS1eldqZbJxjvKaAkxhZmBqPRGmxgu+qFKSInv8moZ2AmT5Yib3EQ1c6gp493HvrvV8QgdOXdyaIBrhvFhBMQ==}
    engines: {node: ^18.17.0 || ^20.3.0 || >=21.0.0}
    cpu: [arm]
    os: [linux]

  '@img/sharp-linux-x64@0.33.5':
    resolution: {integrity: sha512-opC+Ok5pRNAzuvq1AG0ar+1owsu842/Ab+4qvU879ippJBHvyY5n2mxF1izXqkPYlGuP/M556uh53jRLJmzTWA==}
    engines: {node: ^18.17.0 || ^20.3.0 || >=21.0.0}
    cpu: [x64]
    os: [linux]

  '@img/sharp-win32-x64@0.33.5':
    resolution: {integrity: sha512-MpY/o8/8kj+EcnxwvrP4aTJSWw/aZ7JIGR4aBeZkZw5B7/Jn+tY9/VNwtcoGmdT7GfggGIU4kygOMSbYnOrAbg==}
    engines: {node: ^18.17.0 || ^20.3.0 || >=21.0.0}
    cpu: [x64]
    os: [win32]

  '@opentelemetry/api-logs@0.57.2':
    resolution: {integrity: sha512-uIX52NnTM0iBh84MShlpouI7UKqkZ7MrUszTmaypHBu4r7NofznSnQRfJ+uUeDtQDj6w8eFGg5KBLDAwAPz1+A==}
    engines: {node: '>=14'}

  '@opentelemetry/api@1.9.0':
    resolution: {integrity: sha512-3giAOQvZiH5F9bMlMiv8+GSPMeqg0dbaeo58/0SlA9sxSqZhnUtxzX9/2FzyhS9sWQf5S0GJE0AKBrFqjpeYcg==}
    engines: {node: '>=8.0.0'}

  '@opentelemetry/context-async-hooks@1.30.1':
    resolution: {integrity: sha512-s5vvxXPVdjqS3kTLKMeBMvop9hbWkwzBpu+mUO2M7sZtlkyDJGwFe33wRKnbaYDo8ExRVBIIdwIGrqpxHuKttA==}
    engines: {node: '>=14'}
    peerDependencies:
      '@opentelemetry/api': '>=1.0.0 <1.10.0'

  '@opentelemetry/core@1.30.1':
    resolution: {integrity: sha512-OOCM2C/QIURhJMuKaekP3TRBxBKxG/TWWA0TL2J6nXUtDnuCtccy49LUJF8xPFXMX+0LMcxFpCo8M9cGY1W6rQ==}
    engines: {node: '>=14'}
    peerDependencies:
      '@opentelemetry/api': '>=1.0.0 <1.10.0'

  '@opentelemetry/instrumentation-amqplib@0.46.1':
    resolution: {integrity: sha512-AyXVnlCf/xV3K/rNumzKxZqsULyITJH6OVLiW6730JPRqWA7Zc9bvYoVNpN6iOpTU8CasH34SU/ksVJmObFibQ==}
    engines: {node: '>=14'}
    peerDependencies:
      '@opentelemetry/api': ^1.3.0

  '@opentelemetry/instrumentation-connect@0.43.1':
    resolution: {integrity: sha512-ht7YGWQuV5BopMcw5Q2hXn3I8eG8TH0J/kc/GMcW4CuNTgiP6wCu44BOnucJWL3CmFWaRHI//vWyAhaC8BwePw==}
    engines: {node: '>=14'}
    peerDependencies:
      '@opentelemetry/api': ^1.3.0

  '@opentelemetry/instrumentation-dataloader@0.16.1':
    resolution: {integrity: sha512-K/qU4CjnzOpNkkKO4DfCLSQshejRNAJtd4esgigo/50nxCB6XCyi1dhAblUHM9jG5dRm8eu0FB+t87nIo99LYQ==}
    engines: {node: '>=14'}
    peerDependencies:
      '@opentelemetry/api': ^1.3.0

  '@opentelemetry/instrumentation-express@0.47.1':
    resolution: {integrity: sha512-QNXPTWteDclR2B4pDFpz0TNghgB33UMjUt14B+BZPmtH1MwUFAfLHBaP5If0Z5NZC+jaH8oF2glgYjrmhZWmSw==}
    engines: {node: '>=14'}
    peerDependencies:
      '@opentelemetry/api': ^1.3.0

  '@opentelemetry/instrumentation-fs@0.19.1':
    resolution: {integrity: sha512-6g0FhB3B9UobAR60BGTcXg4IHZ6aaYJzp0Ki5FhnxyAPt8Ns+9SSvgcrnsN2eGmk3RWG5vYycUGOEApycQL24A==}
    engines: {node: '>=14'}
    peerDependencies:
      '@opentelemetry/api': ^1.3.0

  '@opentelemetry/instrumentation-generic-pool@0.43.1':
    resolution: {integrity: sha512-M6qGYsp1cURtvVLGDrPPZemMFEbuMmCXgQYTReC/IbimV5sGrLBjB+/hANUpRZjX67nGLdKSVLZuQQAiNz+sww==}
    engines: {node: '>=14'}
    peerDependencies:
      '@opentelemetry/api': ^1.3.0

  '@opentelemetry/instrumentation-graphql@0.47.1':
    resolution: {integrity: sha512-EGQRWMGqwiuVma8ZLAZnExQ7sBvbOx0N/AE/nlafISPs8S+QtXX+Viy6dcQwVWwYHQPAcuY3bFt3xgoAwb4ZNQ==}
    engines: {node: '>=14'}
    peerDependencies:
      '@opentelemetry/api': ^1.3.0

  '@opentelemetry/instrumentation-hapi@0.45.2':
    resolution: {integrity: sha512-7Ehow/7Wp3aoyCrZwQpU7a2CnoMq0XhIcioFuKjBb0PLYfBfmTsFTUyatlHu0fRxhwcRsSQRTvEhmZu8CppBpQ==}
    engines: {node: '>=14'}
    peerDependencies:
      '@opentelemetry/api': ^1.3.0

  '@opentelemetry/instrumentation-http@0.57.2':
    resolution: {integrity: sha512-1Uz5iJ9ZAlFOiPuwYg29Bf7bJJc/GeoeJIFKJYQf67nTVKFe8RHbEtxgkOmK4UGZNHKXcpW4P8cWBYzBn1USpg==}
    engines: {node: '>=14'}
    peerDependencies:
      '@opentelemetry/api': ^1.3.0

  '@opentelemetry/instrumentation-ioredis@0.47.1':
    resolution: {integrity: sha512-OtFGSN+kgk/aoKgdkKQnBsQFDiG8WdCxu+UrHr0bXScdAmtSzLSraLo7wFIb25RVHfRWvzI5kZomqJYEg/l1iA==}
    engines: {node: '>=14'}
    peerDependencies:
      '@opentelemetry/api': ^1.3.0

  '@opentelemetry/instrumentation-kafkajs@0.7.1':
    resolution: {integrity: sha512-OtjaKs8H7oysfErajdYr1yuWSjMAectT7Dwr+axIoZqT9lmEOkD/H/3rgAs8h/NIuEi2imSXD+vL4MZtOuJfqQ==}
    engines: {node: '>=14'}
    peerDependencies:
      '@opentelemetry/api': ^1.3.0

  '@opentelemetry/instrumentation-knex@0.44.1':
    resolution: {integrity: sha512-U4dQxkNhvPexffjEmGwCq68FuftFK15JgUF05y/HlK3M6W/G2iEaACIfXdSnwVNe9Qh0sPfw8LbOPxrWzGWGMQ==}
    engines: {node: '>=14'}
    peerDependencies:
      '@opentelemetry/api': ^1.3.0

  '@opentelemetry/instrumentation-koa@0.47.1':
    resolution: {integrity: sha512-l/c+Z9F86cOiPJUllUCt09v+kICKvT+Vg1vOAJHtHPsJIzurGayucfCMq2acd/A/yxeNWunl9d9eqZ0G+XiI6A==}
    engines: {node: '>=14'}
    peerDependencies:
      '@opentelemetry/api': ^1.3.0

  '@opentelemetry/instrumentation-lru-memoizer@0.44.1':
    resolution: {integrity: sha512-5MPkYCvG2yw7WONEjYj5lr5JFehTobW7wX+ZUFy81oF2lr9IPfZk9qO+FTaM0bGEiymwfLwKe6jE15nHn1nmHg==}
    engines: {node: '>=14'}
    peerDependencies:
      '@opentelemetry/api': ^1.3.0

  '@opentelemetry/instrumentation-mongodb@0.52.0':
    resolution: {integrity: sha512-1xmAqOtRUQGR7QfJFfGV/M2kC7wmI2WgZdpru8hJl3S0r4hW0n3OQpEHlSGXJAaNFyvT+ilnwkT+g5L4ljHR6g==}
    engines: {node: '>=14'}
    peerDependencies:
      '@opentelemetry/api': ^1.3.0

  '@opentelemetry/instrumentation-mongoose@0.46.1':
    resolution: {integrity: sha512-3kINtW1LUTPkiXFRSSBmva1SXzS/72we/jL22N+BnF3DFcoewkdkHPYOIdAAk9gSicJ4d5Ojtt1/HeibEc5OQg==}
    engines: {node: '>=14'}
    peerDependencies:
      '@opentelemetry/api': ^1.3.0

  '@opentelemetry/instrumentation-mysql2@0.45.2':
    resolution: {integrity: sha512-h6Ad60FjCYdJZ5DTz1Lk2VmQsShiViKe0G7sYikb0GHI0NVvApp2XQNRHNjEMz87roFttGPLHOYVPlfy+yVIhQ==}
    engines: {node: '>=14'}
    peerDependencies:
      '@opentelemetry/api': ^1.3.0

  '@opentelemetry/instrumentation-mysql@0.45.1':
    resolution: {integrity: sha512-TKp4hQ8iKQsY7vnp/j0yJJ4ZsP109Ht6l4RHTj0lNEG1TfgTrIH5vJMbgmoYXWzNHAqBH2e7fncN12p3BP8LFg==}
    engines: {node: '>=14'}
    peerDependencies:
      '@opentelemetry/api': ^1.3.0

  '@opentelemetry/instrumentation-pg@0.51.1':
    resolution: {integrity: sha512-QxgjSrxyWZc7Vk+qGSfsejPVFL1AgAJdSBMYZdDUbwg730D09ub3PXScB9d04vIqPriZ+0dqzjmQx0yWKiCi2Q==}
    engines: {node: '>=14'}
    peerDependencies:
      '@opentelemetry/api': ^1.3.0

  '@opentelemetry/instrumentation-redis-4@0.46.1':
    resolution: {integrity: sha512-UMqleEoabYMsWoTkqyt9WAzXwZ4BlFZHO40wr3d5ZvtjKCHlD4YXLm+6OLCeIi/HkX7EXvQaz8gtAwkwwSEvcQ==}
    engines: {node: '>=14'}
    peerDependencies:
      '@opentelemetry/api': ^1.3.0

  '@opentelemetry/instrumentation-tedious@0.18.1':
    resolution: {integrity: sha512-5Cuy/nj0HBaH+ZJ4leuD7RjgvA844aY2WW+B5uLcWtxGjRZl3MNLuxnNg5DYWZNPO+NafSSnra0q49KWAHsKBg==}
    engines: {node: '>=14'}
    peerDependencies:
      '@opentelemetry/api': ^1.3.0

  '@opentelemetry/instrumentation-undici@0.10.1':
    resolution: {integrity: sha512-rkOGikPEyRpMCmNu9AQuV5dtRlDmJp2dK5sw8roVshAGoB6hH/3QjDtRhdwd75SsJwgynWUNRUYe0wAkTo16tQ==}
    engines: {node: '>=14'}
    peerDependencies:
      '@opentelemetry/api': ^1.7.0

  '@opentelemetry/instrumentation@0.57.2':
    resolution: {integrity: sha512-BdBGhQBh8IjZ2oIIX6F2/Q3LKm/FDDKi6ccYKcBTeilh6SNdNKveDOLk73BkSJjQLJk6qe4Yh+hHw1UPhCDdrg==}
    engines: {node: '>=14'}
    peerDependencies:
      '@opentelemetry/api': ^1.3.0

  '@opentelemetry/redis-common@0.36.2':
    resolution: {integrity: sha512-faYX1N0gpLhej/6nyp6bgRjzAKXn5GOEMYY7YhciSfCoITAktLUtQ36d24QEWNA1/WA1y6qQunCe0OhHRkVl9g==}
    engines: {node: '>=14'}

  '@opentelemetry/resources@1.30.1':
    resolution: {integrity: sha512-5UxZqiAgLYGFjS4s9qm5mBVo433u+dSPUFWVWXmLAD4wB65oMCoXaJP1KJa9DIYYMeHu3z4BZcStG3LC593cWA==}
    engines: {node: '>=14'}
    peerDependencies:
      '@opentelemetry/api': '>=1.0.0 <1.10.0'

  '@opentelemetry/sdk-trace-base@1.30.1':
    resolution: {integrity: sha512-jVPgBbH1gCy2Lb7X0AVQ8XAfgg0pJ4nvl8/IiQA6nxOsPvS+0zMJaFSs2ltXe0J6C8dqjcnpyqINDJmU30+uOg==}
    engines: {node: '>=14'}
    peerDependencies:
      '@opentelemetry/api': '>=1.0.0 <1.10.0'

  '@opentelemetry/semantic-conventions@1.28.0':
    resolution: {integrity: sha512-lp4qAiMTD4sNWW4DbKLBkfiMZ4jbAboJIGOQr5DvciMRI494OapieI9qiODpOt0XBr1LjIDy1xAGAnVs5supTA==}
    engines: {node: '>=14'}

  '@opentelemetry/semantic-conventions@1.37.0':
    resolution: {integrity: sha512-JD6DerIKdJGmRp4jQyX5FlrQjA4tjOw1cvfsPAZXfOOEErMUHjPcPSICS+6WnM0nB0efSFARh0KAZss+bvExOA==}
    engines: {node: '>=14'}

  '@opentelemetry/sql-common@0.40.1':
    resolution: {integrity: sha512-nSDlnHSqzC3pXn/wZEZVLuAuJ1MYMXPBwtv2qAbCa3847SaHItdE7SzUq/Jtb0KZmh1zfAbNi3AAMjztTT4Ugg==}
    engines: {node: '>=14'}
    peerDependencies:
      '@opentelemetry/api': ^1.1.0

  '@playwright/test@1.55.0':
    resolution: {integrity: sha512-04IXzPwHrW69XusN/SIdDdKZBzMfOT9UNT/YiJit/xpy2VuAoB8NHc8Aplb96zsWDddLnbkPL3TsmrS04ZU2xQ==}
    engines: {node: '>=18'}
    hasBin: true

  '@prisma/instrumentation@6.11.1':
    resolution: {integrity: sha512-mrZOev24EDhnefmnZX7WVVT7v+r9LttPRqf54ONvj6re4XMF7wFTpK2tLJi4XHB7fFp/6xhYbgRel8YV7gQiyA==}
    peerDependencies:
      '@opentelemetry/api': ^1.8

  '@sentry-internal/node-cpu-profiler@2.2.0':
    resolution: {integrity: sha512-oLHVYurqZfADPh5hvmQYS5qx8t0UZzT2u6+/68VXsFruQEOnYJTODKgU3BVLmemRs3WE6kCJjPeFdHVYOQGSzQ==}
    engines: {node: '>=18'}

  '@sentry/core@9.46.0':
    resolution: {integrity: sha512-it7JMFqxVproAgEtbLgCVBYtQ9fIb+Bu0JD+cEplTN/Ukpe6GaolyYib5geZqslVxhp2sQgT+58aGvfd/k0N8Q==}
    engines: {node: '>=18'}

  '@sentry/node-core@9.46.0':
    resolution: {integrity: sha512-XRVu5pqoklZeh4wqhxCLZkz/ipoKhitctgEFXX9Yh1e1BoHM2pIxT52wf+W6hHM676TFmFXW3uKBjsmRM3AjgA==}
    engines: {node: '>=18'}
    peerDependencies:
      '@opentelemetry/api': ^1.9.0
      '@opentelemetry/context-async-hooks': ^1.30.1 || ^2.0.0
      '@opentelemetry/core': ^1.30.1 || ^2.0.0
      '@opentelemetry/instrumentation': '>=0.57.1 <1'
      '@opentelemetry/resources': ^1.30.1 || ^2.0.0
      '@opentelemetry/sdk-trace-base': ^1.30.1 || ^2.0.0
      '@opentelemetry/semantic-conventions': ^1.34.0

  '@sentry/node@9.46.0':
    resolution: {integrity: sha512-pRLqAcd7GTGvN8gex5FtkQR5Mcol8gOy1WlyZZFq4rBbVtMbqKOQRhohwqnb+YrnmtFpj7IZ7KNDo077MvNeOQ==}
    engines: {node: '>=18'}

  '@sentry/opentelemetry@9.46.0':
    resolution: {integrity: sha512-w2zTxqrdmwRok0cXBoh+ksXdGRUHUZhlpfL/H2kfTodOL+Mk8rW72qUmfqQceXoqgbz8UyK8YgJbyt+XS5H4Qg==}
    engines: {node: '>=18'}
    peerDependencies:
      '@opentelemetry/api': ^1.9.0
      '@opentelemetry/context-async-hooks': ^1.30.1 || ^2.0.0
      '@opentelemetry/core': ^1.30.1 || ^2.0.0
      '@opentelemetry/sdk-trace-base': ^1.30.1 || ^2.0.0
      '@opentelemetry/semantic-conventions': ^1.34.0

  '@sentry/profiling-node@9.46.0':
    resolution: {integrity: sha512-MPNjVx6m9fn+HUU1FGr5PzgAKLLJA6eXXf+xobtVk+jNo9e0YczUUcnSTJz+VeIUG2joFm9sPfRjYLyONNLuxQ==}
    engines: {node: '>=18'}
    hasBin: true

  '@types/connect@3.4.38':
    resolution: {integrity: sha512-K6uROf1LD88uDQqJCktA4yzL1YYAK6NgfsI0v/mTgyPKWsX1CnJ0XPSDhViejru1GcRkLWb8RlzFYJRqGUbaug==}

  '@types/mysql@2.15.26':
    resolution: {integrity: sha512-DSLCOXhkvfS5WNNPbfn2KdICAmk8lLc+/PNvnPnF7gOdMZCxopXduqv0OQ13y/yA/zXTSikZZqVgybUxOEg6YQ==}

  '@types/node@24.7.0':
    resolution: {integrity: sha512-IbKooQVqUBrlzWTi79E8Fw78l8k1RNtlDDNWsFZs7XonuQSJ8oNYfEeclhprUldXISRMLzBpILuKgPlIxm+/Yw==}

  '@types/pg-pool@2.0.6':
    resolution: {integrity: sha512-TaAUE5rq2VQYxab5Ts7WZhKNmuN78Q6PiFonTDdpbx8a1H0M1vhy3rhiMjl+e2iHmogyMw7jZF4FrE6eJUy5HQ==}

  '@types/pg@8.6.1':
    resolution: {integrity: sha512-1Kc4oAGzAl7uqUStZCDvaLFqZrW9qWSjXOmBfdgyBP5La7Us6Mg4GBvRlSoaZMhQF/zSj1C8CtKMBkoiT8eL8w==}

  '@types/shimmer@1.2.0':
    resolution: {integrity: sha512-UE7oxhQLLd9gub6JKIAhDq06T0F6FnztwMNRvYgjeQSBeMc1ZG/tA47EwfduvkuQS8apbkM/lpLpWsaCeYsXVg==}

  '@types/tedious@4.0.14':
    resolution: {integrity: sha512-KHPsfX/FoVbUGbyYvk1q9MMQHLPeRZhRJZdO45Q4YjvFkv4hMNghCWTvy7rdKessBsmtz4euWCWAB6/tVpI1Iw==}

  acorn-import-attributes@1.9.5:
    resolution: {integrity: sha512-n02Vykv5uA3eHGM/Z2dQrcD56kL8TyDb2p1+0P83PClMnC/nc+anbQRhIOWnSq4Ke/KvDPrY3C9hDtC/A3eHnQ==}
    peerDependencies:
      acorn: ^8

  acorn@8.15.0:
    resolution: {integrity: sha512-NZyJarBfL7nWwIq+FDL6Zp/yHEhePMNnnJ0y3qfieCrmNvYct8uvtiV41UvlSe6apAfk0fY1FbWx+NwfmpvtTg==}
    engines: {node: '>=0.4.0'}
    hasBin: true

  balanced-match@1.0.2:
    resolution: {integrity: sha512-3oSeUO0TMV67hN1AmbXsK4yaqU7tjiHlbxRDZOpH0KW9+CeX4bRAaX0Anxt0tx2MrpRpWwQaPwIlISEJhYU5Pw==}

  brace-expansion@2.0.2:
    resolution: {integrity: sha512-Jt0vHyM+jmUBqojB7E1NIYadt0vI0Qxjxd2TErW94wDz+E2LAm5vKMXXwg6ZZBTHPuUlDgQHKXvjGBdfcF1ZDQ==}

  cjs-module-lexer@1.4.3:
    resolution: {integrity: sha512-9z8TZaGM1pfswYeXrUpzPrkx8UnWYdhJclsiYMm6x/w5+nN+8Tf/LnAgfLGQCm59qAOxU8WwHEq2vNwF6i4j+Q==}

  debug@4.4.3:
    resolution: {integrity: sha512-RGwwWnwQvkVfavKVt22FGLw+xYSdzARwm0ru6DhTVA3umU5hZc28V3kO4stgYryrTlLpuvgI9GiijltAjNbcqA==}
    engines: {node: '>=6.0'}
    peerDependencies:
      supports-color: '*'
    peerDependenciesMeta:
      supports-color:
        optional: true

  detect-libc@2.1.2:
    resolution: {integrity: sha512-Btj2BOOO83o3WyH59e8MgXsxEQVcarkUOpEYrubB0urwnN10yQ364rsiByU11nZlqWYZm05i/of7io4mzihBtQ==}
    engines: {node: '>=8'}

  fdir@6.5.0:
    resolution: {integrity: sha512-tIbYtZbucOs0BRGqPJkshJUYdL+SDH7dVM8gjy+ERp3WAUjLEFJE+02kanyHtwjWOnwrKYBiwAmM0p4kLJAnXg==}
    engines: {node: '>=12.0.0'}
    peerDependencies:
      picomatch: ^3 || ^4
    peerDependenciesMeta:
      picomatch:
        optional: true

  forwarded-parse@2.1.2:
    resolution: {integrity: sha512-alTFZZQDKMporBH77856pXgzhEzaUVmLCDk+egLgIgHst3Tpndzz8MnKe+GzRJRfvVdn69HhpW7cmXzvtLvJAw==}

  fsevents@2.3.2:
    resolution: {integrity: sha512-xiqMQR4xAeHTuB9uWm+fFRcIOgKBMiOBP+eXiyT7jsgVCq1bkVygt00oASowB7EdtpOHaaPgKt812P9ab+DDKA==}
    engines: {node: ^8.16.0 || ^10.6.0 || >=11.0.0}
    os: [darwin]

  function-bind@1.1.2:
    resolution: {integrity: sha512-7XHNxH7qX9xG5mIwxkhumTox/MIRNcOgDrxWsMt2pAr23WHp6MrRlN7FBSFpCpr+oVO0F744iUgR82nJMfG2SA==}

  fzf@0.5.2:
    resolution: {integrity: sha512-Tt4kuxLXFKHy8KT40zwsUPUkg1CrsgY25FxA2U/j/0WgEDCk3ddc/zLTCCcbSHX9FcKtLuVaDGtGE/STWC+j3Q==}

  hasown@2.0.2:
    resolution: {integrity: sha512-0hJU9SCPvmMzIBdZFqNPXWa6dqh7WdH0cII9y+CyS8rG3nL48Bclra9HmKhVVUHyPWNH5Y7xDwAB7bfgSjkUMQ==}
    engines: {node: '>= 0.4'}

  import-in-the-middle@1.14.4:
    resolution: {integrity: sha512-eWjxh735SJLFJJDs5X82JQ2405OdJeAHDBnaoFCfdr5GVc7AWc9xU7KbrF+3Xd5F2ccP1aQFKtY+65X6EfKZ7A==}

  is-core-module@2.16.1:
    resolution: {integrity: sha512-UfoeMA6fIJ8wTYFEUjelnaGI67v6+N7qXJEvQuIGa99l4xsCruSYOVSQ0uPANn4dAzm8lkYPaKLrrijLq7x23w==}
    engines: {node: '>= 0.4'}

  minimatch@9.0.5:
    resolution: {integrity: sha512-G6T0ZX48xgozx7587koeX9Ys2NYy6Gmv//P89sEte9V9whIapMNF4idKxnW2QtCcLiTWlb/wfCabAtAFWhhBow==}
    engines: {node: '>=16 || 14 >=14.17'}

  module-details-from-path@1.0.4:
    resolution: {integrity: sha512-EGWKgxALGMgzvxYF1UyGTy0HXX/2vHLkw6+NvDKW2jypWbHpjQuj4UMcqQWXHERJhVGKikolT06G3bcKe4fi7w==}

  ms@2.1.3:
    resolution: {integrity: sha512-6FlzubTLZG3J2a/NVCAleEhjzq5oxgHyaCU9yYXvcLsvoVaHJq/s5xXI6/XXP6tz7R9xAOtHnSO/tXtF3WRTlA==}

  node-abi@3.78.0:
    resolution: {integrity: sha512-E2wEyrgX/CqvicaQYU3Ze1PFGjc4QYPGsjUrlYkqAE0WjHEZwgOsGMPMzkMse4LjJbDmaEuDX3CM036j5K2DSQ==}
    engines: {node: '>=10'}

  path-parse@1.0.7:
    resolution: {integrity: sha512-LDJzPVEEEPR+y48z93A0Ed0yXb8pAByGWo/k5YYdYgpY2/2EsOsksJrq7lOHxryrVOn1ejG6oAp8ahvOIQD8sw==}

  pg-int8@1.0.1:
    resolution: {integrity: sha512-WCtabS6t3c8SkpDBUlb1kjOs7l66xsGdKpIPZsg4wR+B3+u9UAum2odSsF9tnvxg80h4ZxLWMy4pRjOsFIqQpw==}
    engines: {node: '>=4.0.0'}

  pg-protocol@1.10.3:
    resolution: {integrity: sha512-6DIBgBQaTKDJyxnXaLiLR8wBpQQcGWuAESkRBX/t6OwA8YsqP+iVSiond2EDy6Y/dsGk8rh/jtax3js5NeV7JQ==}

  pg-types@2.2.0:
    resolution: {integrity: sha512-qTAAlrEsl8s4OiEQY69wDvcMIdQN6wdz5ojQiOy6YRMuynxenON0O5oCpJI6lshc6scgAY8qvJ2On/p+CXY0GA==}
    engines: {node: '>=4'}

  playwright-core@1.55.0:
    resolution: {integrity: sha512-GvZs4vU3U5ro2nZpeiwyb0zuFaqb9sUiAJuyrWpcGouD8y9/HLgGbNRjIph7zU9D3hnPaisMl9zG9CgFi/biIg==}
    engines: {node: '>=18'}
    hasBin: true

  playwright@1.55.0:
    resolution: {integrity: sha512-sdCWStblvV1YU909Xqx0DhOjPZE4/5lJsIS84IfN9dAZfcl/CIZ5O8l3o0j7hPMjDvqoTF8ZUcc+i/GL5erstA==}
    engines: {node: '>=18'}
    hasBin: true

  postgres-array@2.0.0:
    resolution: {integrity: sha512-VpZrUqU5A69eQyW2c5CA1jtLecCsN2U/bD6VilrFDWq5+5UIEVO7nazS3TEcHf1zuPYO/sqGvUvW62g86RXZuA==}
    engines: {node: '>=4'}

  postgres-bytea@1.0.0:
    resolution: {integrity: sha512-xy3pmLuQqRBZBXDULy7KbaitYqLcmxigw14Q5sj8QBVLqEwXfeybIKVWiqAXTlcvdvb0+xkOtDbfQMOf4lST1w==}
    engines: {node: '>=0.10.0'}

  postgres-date@1.0.7:
    resolution: {integrity: sha512-suDmjLVQg78nMK2UZ454hAG+OAW+HQPZ6n++TNDUX+L0+uUlLywnoxJKDou51Zm+zTCjrCl0Nq6J9C5hP9vK/Q==}
    engines: {node: '>=0.10.0'}

  postgres-interval@1.2.0:
    resolution: {integrity: sha512-9ZhXKM/rw350N1ovuWHbGxnGh/SNJ4cnxHiM0rxE4VN41wsg8P8zWn9hv/buK00RP4WvlOyr/RBDiptyxVbkZQ==}
    engines: {node: '>=0.10.0'}

  require-in-the-middle@7.5.2:
    resolution: {integrity: sha512-gAZ+kLqBdHarXB64XpAe2VCjB7rIRv+mU8tfRWziHRJ5umKsIHN2tLLv6EtMw7WCdP19S0ERVMldNvxYCHnhSQ==}
    engines: {node: '>=8.6.0'}

  resolve@1.22.10:
    resolution: {integrity: sha512-NPRy+/ncIMeDlTAsuqwKIiferiawhefFJtkNSW0qZJEqMEb+qBt/77B/jGeeek+F0uOeN05CDa6HXbbIgtVX4w==}
    engines: {node: '>= 0.4'}
    hasBin: true

  semver@7.7.2:
    resolution: {integrity: sha512-RF0Fw+rO5AMf9MAyaRXI4AV0Ulj5lMHqVxxdSgiVbixSCXoEmmX/jk0CuJw4+3SqroYO9VoUh+HcuJivvtJemA==}
    engines: {node: '>=10'}
    hasBin: true

  shimmer@1.2.1:
    resolution: {integrity: sha512-sQTKC1Re/rM6XyFM6fIAGHRPVGvyXfgzIDvzoq608vM+jeyVD0Tu1E6Np0Kc2zAIFWIj963V2800iF/9LPieQw==}

  supports-preserve-symlinks-flag@1.0.0:
    resolution: {integrity: sha512-ot0WnXS9fgdkgIcePe6RHNk1WA8+muPa6cSjeR3V8K27q9BB1rTE3R1p7Hv0z1ZyAc8s6Vvv8DIyWf681MAt0w==}
    engines: {node: '>= 0.4'}

  undici-types@7.14.0:
    resolution: {integrity: sha512-QQiYxHuyZ9gQUIrmPo3IA+hUl4KYk8uSA7cHrcKd/l3p1OTpZcM0Tbp9x7FAtXdAYhlasd60ncPpgu6ihG6TOA==}

  xtend@4.0.2:
    resolution: {integrity: sha512-LKYU1iAXJXUgAXn9URjiu+MWhyUXHsvfp7mcuYm9dSUKK0/CjtrUwFAxD82/mCWbtLsGjFIad0wIsod4zrTAEQ==}
    engines: {node: '>=0.4'}

snapshots:

  '@continuedev/cli@1.4.47':
    dependencies:
      '@sentry/profiling-node': 9.46.0
      fdir: 6.5.0
      fzf: 0.5.2
    optionalDependencies:
      '@img/sharp-darwin-arm64': 0.33.5
      '@img/sharp-darwin-x64': 0.33.5
      '@img/sharp-linux-arm': 0.33.5
      '@img/sharp-linux-arm64': 0.33.5
      '@img/sharp-linux-x64': 0.33.5
      '@img/sharp-win32-x64': 0.33.5
    transitivePeerDependencies:
      - picomatch
      - supports-color

  '@img/sharp-darwin-arm64@0.33.5':
    optionalDependencies:
      '@img/sharp-libvips-darwin-arm64': 1.0.4
    optional: true

  '@img/sharp-darwin-x64@0.33.5':
    optionalDependencies:
      '@img/sharp-libvips-darwin-x64': 1.0.4
    optional: true

  '@img/sharp-libvips-darwin-arm64@1.0.4':
    optional: true

  '@img/sharp-libvips-darwin-x64@1.0.4':
    optional: true

  '@img/sharp-libvips-linux-arm64@1.0.4':
    optional: true

  '@img/sharp-libvips-linux-arm@1.0.5':
    optional: true

  '@img/sharp-libvips-linux-x64@1.0.4':
    optional: true

  '@img/sharp-linux-arm64@0.33.5':
    optionalDependencies:
      '@img/sharp-libvips-linux-arm64': 1.0.4
    optional: true

  '@img/sharp-linux-arm@0.33.5':
    optionalDependencies:
      '@img/sharp-libvips-linux-arm': 1.0.5
    optional: true

  '@img/sharp-linux-x64@0.33.5':
    optionalDependencies:
      '@img/sharp-libvips-linux-x64': 1.0.4
    optional: true

  '@img/sharp-win32-x64@0.33.5':
    optional: true

  '@opentelemetry/api-logs@0.57.2':
    dependencies:
      '@opentelemetry/api': 1.9.0

  '@opentelemetry/api@1.9.0': {}

  '@opentelemetry/context-async-hooks@1.30.1(@opentelemetry/api@1.9.0)':
    dependencies:
      '@opentelemetry/api': 1.9.0

  '@opentelemetry/core@1.30.1(@opentelemetry/api@1.9.0)':
    dependencies:
      '@opentelemetry/api': 1.9.0
      '@opentelemetry/semantic-conventions': 1.28.0

  '@opentelemetry/instrumentation-amqplib@0.46.1(@opentelemetry/api@1.9.0)':
    dependencies:
      '@opentelemetry/api': 1.9.0
      '@opentelemetry/core': 1.30.1(@opentelemetry/api@1.9.0)
      '@opentelemetry/instrumentation': 0.57.2(@opentelemetry/api@1.9.0)
      '@opentelemetry/semantic-conventions': 1.37.0
    transitivePeerDependencies:
      - supports-color

  '@opentelemetry/instrumentation-connect@0.43.1(@opentelemetry/api@1.9.0)':
    dependencies:
      '@opentelemetry/api': 1.9.0
      '@opentelemetry/core': 1.30.1(@opentelemetry/api@1.9.0)
      '@opentelemetry/instrumentation': 0.57.2(@opentelemetry/api@1.9.0)
      '@opentelemetry/semantic-conventions': 1.37.0
      '@types/connect': 3.4.38
    transitivePeerDependencies:
      - supports-color

  '@opentelemetry/instrumentation-dataloader@0.16.1(@opentelemetry/api@1.9.0)':
    dependencies:
      '@opentelemetry/api': 1.9.0
      '@opentelemetry/instrumentation': 0.57.2(@opentelemetry/api@1.9.0)
    transitivePeerDependencies:
      - supports-color

  '@opentelemetry/instrumentation-express@0.47.1(@opentelemetry/api@1.9.0)':
    dependencies:
      '@opentelemetry/api': 1.9.0
      '@opentelemetry/core': 1.30.1(@opentelemetry/api@1.9.0)
      '@opentelemetry/instrumentation': 0.57.2(@opentelemetry/api@1.9.0)
      '@opentelemetry/semantic-conventions': 1.37.0
    transitivePeerDependencies:
      - supports-color

  '@opentelemetry/instrumentation-fs@0.19.1(@opentelemetry/api@1.9.0)':
    dependencies:
      '@opentelemetry/api': 1.9.0
      '@opentelemetry/core': 1.30.1(@opentelemetry/api@1.9.0)
      '@opentelemetry/instrumentation': 0.57.2(@opentelemetry/api@1.9.0)
    transitivePeerDependencies:
      - supports-color

  '@opentelemetry/instrumentation-generic-pool@0.43.1(@opentelemetry/api@1.9.0)':
    dependencies:
      '@opentelemetry/api': 1.9.0
      '@opentelemetry/instrumentation': 0.57.2(@opentelemetry/api@1.9.0)
    transitivePeerDependencies:
      - supports-color

  '@opentelemetry/instrumentation-graphql@0.47.1(@opentelemetry/api@1.9.0)':
    dependencies:
      '@opentelemetry/api': 1.9.0
      '@opentelemetry/instrumentation': 0.57.2(@opentelemetry/api@1.9.0)
    transitivePeerDependencies:
      - supports-color

  '@opentelemetry/instrumentation-hapi@0.45.2(@opentelemetry/api@1.9.0)':
    dependencies:
      '@opentelemetry/api': 1.9.0
      '@opentelemetry/core': 1.30.1(@opentelemetry/api@1.9.0)
      '@opentelemetry/instrumentation': 0.57.2(@opentelemetry/api@1.9.0)
      '@opentelemetry/semantic-conventions': 1.37.0
    transitivePeerDependencies:
      - supports-color

  '@opentelemetry/instrumentation-http@0.57.2(@opentelemetry/api@1.9.0)':
    dependencies:
      '@opentelemetry/api': 1.9.0
      '@opentelemetry/core': 1.30.1(@opentelemetry/api@1.9.0)
      '@opentelemetry/instrumentation': 0.57.2(@opentelemetry/api@1.9.0)
      '@opentelemetry/semantic-conventions': 1.28.0
      forwarded-parse: 2.1.2
      semver: 7.7.2
    transitivePeerDependencies:
      - supports-color

  '@opentelemetry/instrumentation-ioredis@0.47.1(@opentelemetry/api@1.9.0)':
    dependencies:
      '@opentelemetry/api': 1.9.0
      '@opentelemetry/instrumentation': 0.57.2(@opentelemetry/api@1.9.0)
      '@opentelemetry/redis-common': 0.36.2
      '@opentelemetry/semantic-conventions': 1.37.0
    transitivePeerDependencies:
      - supports-color

  '@opentelemetry/instrumentation-kafkajs@0.7.1(@opentelemetry/api@1.9.0)':
    dependencies:
      '@opentelemetry/api': 1.9.0
      '@opentelemetry/instrumentation': 0.57.2(@opentelemetry/api@1.9.0)
      '@opentelemetry/semantic-conventions': 1.37.0
    transitivePeerDependencies:
      - supports-color

  '@opentelemetry/instrumentation-knex@0.44.1(@opentelemetry/api@1.9.0)':
    dependencies:
      '@opentelemetry/api': 1.9.0
      '@opentelemetry/instrumentation': 0.57.2(@opentelemetry/api@1.9.0)
      '@opentelemetry/semantic-conventions': 1.37.0
    transitivePeerDependencies:
      - supports-color

  '@opentelemetry/instrumentation-koa@0.47.1(@opentelemetry/api@1.9.0)':
    dependencies:
      '@opentelemetry/api': 1.9.0
      '@opentelemetry/core': 1.30.1(@opentelemetry/api@1.9.0)
      '@opentelemetry/instrumentation': 0.57.2(@opentelemetry/api@1.9.0)
      '@opentelemetry/semantic-conventions': 1.37.0
    transitivePeerDependencies:
      - supports-color

  '@opentelemetry/instrumentation-lru-memoizer@0.44.1(@opentelemetry/api@1.9.0)':
    dependencies:
      '@opentelemetry/api': 1.9.0
      '@opentelemetry/instrumentation': 0.57.2(@opentelemetry/api@1.9.0)
    transitivePeerDependencies:
      - supports-color

  '@opentelemetry/instrumentation-mongodb@0.52.0(@opentelemetry/api@1.9.0)':
    dependencies:
      '@opentelemetry/api': 1.9.0
      '@opentelemetry/instrumentation': 0.57.2(@opentelemetry/api@1.9.0)
      '@opentelemetry/semantic-conventions': 1.37.0
    transitivePeerDependencies:
      - supports-color

  '@opentelemetry/instrumentation-mongoose@0.46.1(@opentelemetry/api@1.9.0)':
    dependencies:
      '@opentelemetry/api': 1.9.0
      '@opentelemetry/core': 1.30.1(@opentelemetry/api@1.9.0)
      '@opentelemetry/instrumentation': 0.57.2(@opentelemetry/api@1.9.0)
      '@opentelemetry/semantic-conventions': 1.37.0
    transitivePeerDependencies:
      - supports-color

  '@opentelemetry/instrumentation-mysql2@0.45.2(@opentelemetry/api@1.9.0)':
    dependencies:
      '@opentelemetry/api': 1.9.0
      '@opentelemetry/instrumentation': 0.57.2(@opentelemetry/api@1.9.0)
      '@opentelemetry/semantic-conventions': 1.37.0
      '@opentelemetry/sql-common': 0.40.1(@opentelemetry/api@1.9.0)
    transitivePeerDependencies:
      - supports-color

  '@opentelemetry/instrumentation-mysql@0.45.1(@opentelemetry/api@1.9.0)':
    dependencies:
      '@opentelemetry/api': 1.9.0
      '@opentelemetry/instrumentation': 0.57.2(@opentelemetry/api@1.9.0)
      '@opentelemetry/semantic-conventions': 1.37.0
      '@types/mysql': 2.15.26
    transitivePeerDependencies:
      - supports-color

  '@opentelemetry/instrumentation-pg@0.51.1(@opentelemetry/api@1.9.0)':
    dependencies:
      '@opentelemetry/api': 1.9.0
      '@opentelemetry/core': 1.30.1(@opentelemetry/api@1.9.0)
      '@opentelemetry/instrumentation': 0.57.2(@opentelemetry/api@1.9.0)
      '@opentelemetry/semantic-conventions': 1.37.0
      '@opentelemetry/sql-common': 0.40.1(@opentelemetry/api@1.9.0)
      '@types/pg': 8.6.1
      '@types/pg-pool': 2.0.6
    transitivePeerDependencies:
      - supports-color

  '@opentelemetry/instrumentation-redis-4@0.46.1(@opentelemetry/api@1.9.0)':
    dependencies:
      '@opentelemetry/api': 1.9.0
      '@opentelemetry/instrumentation': 0.57.2(@opentelemetry/api@1.9.0)
      '@opentelemetry/redis-common': 0.36.2
      '@opentelemetry/semantic-conventions': 1.37.0
    transitivePeerDependencies:
      - supports-color

  '@opentelemetry/instrumentation-tedious@0.18.1(@opentelemetry/api@1.9.0)':
    dependencies:
      '@opentelemetry/api': 1.9.0
      '@opentelemetry/instrumentation': 0.57.2(@opentelemetry/api@1.9.0)
      '@opentelemetry/semantic-conventions': 1.37.0
      '@types/tedious': 4.0.14
    transitivePeerDependencies:
      - supports-color

  '@opentelemetry/instrumentation-undici@0.10.1(@opentelemetry/api@1.9.0)':
    dependencies:
      '@opentelemetry/api': 1.9.0
      '@opentelemetry/core': 1.30.1(@opentelemetry/api@1.9.0)
      '@opentelemetry/instrumentation': 0.57.2(@opentelemetry/api@1.9.0)
    transitivePeerDependencies:
      - supports-color

  '@opentelemetry/instrumentation@0.57.2(@opentelemetry/api@1.9.0)':
    dependencies:
      '@opentelemetry/api': 1.9.0
      '@opentelemetry/api-logs': 0.57.2
      '@types/shimmer': 1.2.0
      import-in-the-middle: 1.14.4
      require-in-the-middle: 7.5.2
      semver: 7.7.2
      shimmer: 1.2.1
    transitivePeerDependencies:
      - supports-color

  '@opentelemetry/redis-common@0.36.2': {}

  '@opentelemetry/resources@1.30.1(@opentelemetry/api@1.9.0)':
    dependencies:
      '@opentelemetry/api': 1.9.0
      '@opentelemetry/core': 1.30.1(@opentelemetry/api@1.9.0)
      '@opentelemetry/semantic-conventions': 1.28.0

  '@opentelemetry/sdk-trace-base@1.30.1(@opentelemetry/api@1.9.0)':
    dependencies:
      '@opentelemetry/api': 1.9.0
      '@opentelemetry/core': 1.30.1(@opentelemetry/api@1.9.0)
      '@opentelemetry/resources': 1.30.1(@opentelemetry/api@1.9.0)
      '@opentelemetry/semantic-conventions': 1.28.0

  '@opentelemetry/semantic-conventions@1.28.0': {}

  '@opentelemetry/semantic-conventions@1.37.0': {}

  '@opentelemetry/sql-common@0.40.1(@opentelemetry/api@1.9.0)':
    dependencies:
      '@opentelemetry/api': 1.9.0
      '@opentelemetry/core': 1.30.1(@opentelemetry/api@1.9.0)

  '@playwright/test@1.55.0':
    dependencies:
      playwright: 1.55.0

  '@prisma/instrumentation@6.11.1(@opentelemetry/api@1.9.0)':
    dependencies:
      '@opentelemetry/api': 1.9.0
      '@opentelemetry/instrumentation': 0.57.2(@opentelemetry/api@1.9.0)
    transitivePeerDependencies:
      - supports-color

  '@sentry-internal/node-cpu-profiler@2.2.0':
    dependencies:
      detect-libc: 2.1.2
      node-abi: 3.78.0

  '@sentry/core@9.46.0': {}

  '@sentry/node-core@9.46.0(@opentelemetry/api@1.9.0)(@opentelemetry/context-async-hooks@1.30.1(@opentelemetry/api@1.9.0))(@opentelemetry/core@1.30.1(@opentelemetry/api@1.9.0))(@opentelemetry/instrumentation@0.57.2(@opentelemetry/api@1.9.0))(@opentelemetry/resources@1.30.1(@opentelemetry/api@1.9.0))(@opentelemetry/sdk-trace-base@1.30.1(@opentelemetry/api@1.9.0))(@opentelemetry/semantic-conventions@1.37.0)':
    dependencies:
      '@opentelemetry/api': 1.9.0
      '@opentelemetry/context-async-hooks': 1.30.1(@opentelemetry/api@1.9.0)
      '@opentelemetry/core': 1.30.1(@opentelemetry/api@1.9.0)
      '@opentelemetry/instrumentation': 0.57.2(@opentelemetry/api@1.9.0)
      '@opentelemetry/resources': 1.30.1(@opentelemetry/api@1.9.0)
      '@opentelemetry/sdk-trace-base': 1.30.1(@opentelemetry/api@1.9.0)
      '@opentelemetry/semantic-conventions': 1.37.0
      '@sentry/core': 9.46.0
      '@sentry/opentelemetry': 9.46.0(@opentelemetry/api@1.9.0)(@opentelemetry/context-async-hooks@1.30.1(@opentelemetry/api@1.9.0))(@opentelemetry/core@1.30.1(@opentelemetry/api@1.9.0))(@opentelemetry/sdk-trace-base@1.30.1(@opentelemetry/api@1.9.0))(@opentelemetry/semantic-conventions@1.37.0)
      import-in-the-middle: 1.14.4

  '@sentry/node@9.46.0':
    dependencies:
      '@opentelemetry/api': 1.9.0
      '@opentelemetry/context-async-hooks': 1.30.1(@opentelemetry/api@1.9.0)
      '@opentelemetry/core': 1.30.1(@opentelemetry/api@1.9.0)
      '@opentelemetry/instrumentation': 0.57.2(@opentelemetry/api@1.9.0)
      '@opentelemetry/instrumentation-amqplib': 0.46.1(@opentelemetry/api@1.9.0)
      '@opentelemetry/instrumentation-connect': 0.43.1(@opentelemetry/api@1.9.0)
      '@opentelemetry/instrumentation-dataloader': 0.16.1(@opentelemetry/api@1.9.0)
      '@opentelemetry/instrumentation-express': 0.47.1(@opentelemetry/api@1.9.0)
      '@opentelemetry/instrumentation-fs': 0.19.1(@opentelemetry/api@1.9.0)
      '@opentelemetry/instrumentation-generic-pool': 0.43.1(@opentelemetry/api@1.9.0)
      '@opentelemetry/instrumentation-graphql': 0.47.1(@opentelemetry/api@1.9.0)
      '@opentelemetry/instrumentation-hapi': 0.45.2(@opentelemetry/api@1.9.0)
      '@opentelemetry/instrumentation-http': 0.57.2(@opentelemetry/api@1.9.0)
      '@opentelemetry/instrumentation-ioredis': 0.47.1(@opentelemetry/api@1.9.0)
      '@opentelemetry/instrumentation-kafkajs': 0.7.1(@opentelemetry/api@1.9.0)
      '@opentelemetry/instrumentation-knex': 0.44.1(@opentelemetry/api@1.9.0)
      '@opentelemetry/instrumentation-koa': 0.47.1(@opentelemetry/api@1.9.0)
      '@opentelemetry/instrumentation-lru-memoizer': 0.44.1(@opentelemetry/api@1.9.0)
      '@opentelemetry/instrumentation-mongodb': 0.52.0(@opentelemetry/api@1.9.0)
      '@opentelemetry/instrumentation-mongoose': 0.46.1(@opentelemetry/api@1.9.0)
      '@opentelemetry/instrumentation-mysql': 0.45.1(@opentelemetry/api@1.9.0)
      '@opentelemetry/instrumentation-mysql2': 0.45.2(@opentelemetry/api@1.9.0)
      '@opentelemetry/instrumentation-pg': 0.51.1(@opentelemetry/api@1.9.0)
      '@opentelemetry/instrumentation-redis-4': 0.46.1(@opentelemetry/api@1.9.0)
      '@opentelemetry/instrumentation-tedious': 0.18.1(@opentelemetry/api@1.9.0)
      '@opentelemetry/instrumentation-undici': 0.10.1(@opentelemetry/api@1.9.0)
      '@opentelemetry/resources': 1.30.1(@opentelemetry/api@1.9.0)
      '@opentelemetry/sdk-trace-base': 1.30.1(@opentelemetry/api@1.9.0)
      '@opentelemetry/semantic-conventions': 1.37.0
      '@prisma/instrumentation': 6.11.1(@opentelemetry/api@1.9.0)
      '@sentry/core': 9.46.0
      '@sentry/node-core': 9.46.0(@opentelemetry/api@1.9.0)(@opentelemetry/context-async-hooks@1.30.1(@opentelemetry/api@1.9.0))(@opentelemetry/core@1.30.1(@opentelemetry/api@1.9.0))(@opentelemetry/instrumentation@0.57.2(@opentelemetry/api@1.9.0))(@opentelemetry/resources@1.30.1(@opentelemetry/api@1.9.0))(@opentelemetry/sdk-trace-base@1.30.1(@opentelemetry/api@1.9.0))(@opentelemetry/semantic-conventions@1.37.0)
      '@sentry/opentelemetry': 9.46.0(@opentelemetry/api@1.9.0)(@opentelemetry/context-async-hooks@1.30.1(@opentelemetry/api@1.9.0))(@opentelemetry/core@1.30.1(@opentelemetry/api@1.9.0))(@opentelemetry/sdk-trace-base@1.30.1(@opentelemetry/api@1.9.0))(@opentelemetry/semantic-conventions@1.37.0)
      import-in-the-middle: 1.14.4
      minimatch: 9.0.5
    transitivePeerDependencies:
      - supports-color

  '@sentry/opentelemetry@9.46.0(@opentelemetry/api@1.9.0)(@opentelemetry/context-async-hooks@1.30.1(@opentelemetry/api@1.9.0))(@opentelemetry/core@1.30.1(@opentelemetry/api@1.9.0))(@opentelemetry/sdk-trace-base@1.30.1(@opentelemetry/api@1.9.0))(@opentelemetry/semantic-conventions@1.37.0)':
    dependencies:
      '@opentelemetry/api': 1.9.0
      '@opentelemetry/context-async-hooks': 1.30.1(@opentelemetry/api@1.9.0)
      '@opentelemetry/core': 1.30.1(@opentelemetry/api@1.9.0)
      '@opentelemetry/sdk-trace-base': 1.30.1(@opentelemetry/api@1.9.0)
      '@opentelemetry/semantic-conventions': 1.37.0
      '@sentry/core': 9.46.0

  '@sentry/profiling-node@9.46.0':
    dependencies:
      '@sentry-internal/node-cpu-profiler': 2.2.0
      '@sentry/core': 9.46.0
      '@sentry/node': 9.46.0
    transitivePeerDependencies:
      - supports-color

  '@types/connect@3.4.38':
    dependencies:
      '@types/node': 24.7.0

  '@types/mysql@2.15.26':
    dependencies:
      '@types/node': 24.7.0

  '@types/node@24.7.0':
    dependencies:
      undici-types: 7.14.0

  '@types/pg-pool@2.0.6':
    dependencies:
      '@types/pg': 8.6.1

  '@types/pg@8.6.1':
    dependencies:
      '@types/node': 24.7.0
      pg-protocol: 1.10.3
      pg-types: 2.2.0

  '@types/shimmer@1.2.0': {}

  '@types/tedious@4.0.14':
    dependencies:
      '@types/node': 24.7.0

  acorn-import-attributes@1.9.5(acorn@8.15.0):
    dependencies:
      acorn: 8.15.0

  acorn@8.15.0: {}

  balanced-match@1.0.2: {}

  brace-expansion@2.0.2:
    dependencies:
      balanced-match: 1.0.2

  cjs-module-lexer@1.4.3: {}

  debug@4.4.3:
    dependencies:
      ms: 2.1.3

  detect-libc@2.1.2: {}

  fdir@6.5.0: {}

  forwarded-parse@2.1.2: {}

  fsevents@2.3.2:
    optional: true

  function-bind@1.1.2: {}

  fzf@0.5.2: {}

  hasown@2.0.2:
    dependencies:
      function-bind: 1.1.2

  import-in-the-middle@1.14.4:
    dependencies:
      acorn: 8.15.0
      acorn-import-attributes: 1.9.5(acorn@8.15.0)
      cjs-module-lexer: 1.4.3
      module-details-from-path: 1.0.4

  is-core-module@2.16.1:
    dependencies:
      hasown: 2.0.2

  minimatch@9.0.5:
    dependencies:
      brace-expansion: 2.0.2

  module-details-from-path@1.0.4: {}

  ms@2.1.3: {}

  node-abi@3.78.0:
    dependencies:
      semver: 7.7.2

  path-parse@1.0.7: {}

  pg-int8@1.0.1: {}

  pg-protocol@1.10.3: {}

  pg-types@2.2.0:
    dependencies:
      pg-int8: 1.0.1
      postgres-array: 2.0.0
      postgres-bytea: 1.0.0
      postgres-date: 1.0.7
      postgres-interval: 1.2.0

  playwright-core@1.55.0: {}

  playwright@1.55.0:
    dependencies:
      playwright-core: 1.55.0
    optionalDependencies:
      fsevents: 2.3.2

  postgres-array@2.0.0: {}

  postgres-bytea@1.0.0: {}

  postgres-date@1.0.7: {}

  postgres-interval@1.2.0:
    dependencies:
      xtend: 4.0.2

  require-in-the-middle@7.5.2:
    dependencies:
      debug: 4.4.3
      module-details-from-path: 1.0.4
      resolve: 1.22.10
    transitivePeerDependencies:
      - supports-color

  resolve@1.22.10:
    dependencies:
      is-core-module: 2.16.1
      path-parse: 1.0.7
      supports-preserve-symlinks-flag: 1.0.0

  semver@7.7.2: {}

  shimmer@1.2.1: {}

  supports-preserve-symlinks-flag@1.0.0: {}

  undici-types@7.14.0: {}

  xtend@4.0.2: {}
